<?xml version="1.0" encoding="UTF-8"?>
<CodeBlocks_project_file>
	<FileVersion major="1" minor="6"/>
	<Project>
		<Option title="rpg"/>
		<Option makefile_is_custom="1"/>
		<Option compiler="gcc"/>
		<Option virtualFolders="CMake Files\;"/>
		<Build>
			<Target title="all">
				<Option working_dir="/home/angel/poo/rpg-example"/>
				<Option type="4"/>
				<MakeCommands>
					<Build command="/usr/bin/make -j8 -f &quot;/home/angel/poo/rpg-example/Makefile&quot;  VERBOSE=1 all"/>
					<CompileFile command="/usr/bin/make -j8 -f &quot;/home/angel/poo/rpg-example/Makefile&quot;  VERBOSE=1 &quot;$file&quot;"/>
					<Clean command="/usr/bin/make -j8 -f &quot;/home/angel/poo/rpg-example/Makefile&quot;  VERBOSE=1 clean"/>
					<DistClean command="/usr/bin/make -j8 -f &quot;/home/angel/poo/rpg-example/Makefile&quot;  VERBOSE=1 clean"/>
				</MakeCommands>
			</Target>
			<Target title="rpg">
				<Option output="/home/angel/poo/rpg-example/rpg" prefix_auto="0" extension_auto="0"/>
				<Option working_dir="/home/angel/poo/rpg-example"/>
				<Option object_output="./"/>
				<Option type="1"/>
				<Option compiler="gcc"/>
				<Compiler>
					<Add directory="/usr/lib/gcc/x86_64-pc-linux-gnu/13.2.1/../../../../include/c++/13.2.1"/>
					<Add directory="/usr/lib/gcc/x86_64-pc-linux-gnu/13.2.1/../../../../include/c++/13.2.1/x86_64-pc-linux-gnu"/>
					<Add directory="/usr/lib/gcc/x86_64-pc-linux-gnu/13.2.1/../../../../include/c++/13.2.1/backward"/>
					<Add directory="/usr/lib/gcc/x86_64-pc-linux-gnu/13.2.1/include"/>
					<Add directory="/usr/local/include"/>
					<Add directory="/usr/lib/gcc/x86_64-pc-linux-gnu/13.2.1/include-fixed"/>
					<Add directory="/usr/include"/>
				</Compiler>
				<MakeCommands>
					<Build command="/usr/bin/make -j8 -f &quot;/home/angel/poo/rpg-example/Makefile&quot;  VERBOSE=1 rpg"/>
					<CompileFile command="/usr/bin/make -j8 -f &quot;/home/angel/poo/rpg-example/Makefile&quot;  VERBOSE=1 &quot;$file&quot;"/>
					<Clean command="/usr/bin/make -j8 -f &quot;/home/angel/poo/rpg-example/Makefile&quot;  VERBOSE=1 clean"/>
					<DistClean command="/usr/bin/make -j8 -f &quot;/home/angel/poo/rpg-example/Makefile&quot;  VERBOSE=1 clean"/>
				</MakeCommands>
			</Target>
			<Target title="rpg/fast">
				<Option output="/home/angel/poo/rpg-example/rpg" prefix_auto="0" extension_auto="0"/>
				<Option working_dir="/home/angel/poo/rpg-example"/>
				<Option object_output="./"/>
				<Option type="1"/>
				<Option compiler="gcc"/>
				<Compiler>
					<Add directory="/usr/lib/gcc/x86_64-pc-linux-gnu/13.2.1/../../../../include/c++/13.2.1"/>
					<Add directory="/usr/lib/gcc/x86_64-pc-linux-gnu/13.2.1/../../../../include/c++/13.2.1/x86_64-pc-linux-gnu"/>
					<Add directory="/usr/lib/gcc/x86_64-pc-linux-gnu/13.2.1/../../../../include/c++/13.2.1/backward"/>
					<Add directory="/usr/lib/gcc/x86_64-pc-linux-gnu/13.2.1/include"/>
					<Add directory="/usr/local/include"/>
					<Add directory="/usr/lib/gcc/x86_64-pc-linux-gnu/13.2.1/include-fixed"/>
					<Add directory="/usr/include"/>
				</Compiler>
				<MakeCommands>
					<Build command="/usr/bin/make -j8 -f &quot;/home/angel/poo/rpg-example/Makefile&quot;  VERBOSE=1 rpg/fast"/>
					<CompileFile command="/usr/bin/make -j8 -f &quot;/home/angel/poo/rpg-example/Makefile&quot;  VERBOSE=1 &quot;$file&quot;"/>
					<Clean command="/usr/bin/make -j8 -f &quot;/home/angel/poo/rpg-example/Makefile&quot;  VERBOSE=1 clean"/>
					<DistClean command="/usr/bin/make -j8 -f &quot;/home/angel/poo/rpg-example/Makefile&quot;  VERBOSE=1 clean"/>
				</MakeCommands>
			</Target>
			<Target title="edit_cache">
				<Option working_dir="/home/angel/poo/rpg-example"/>
				<Option type="4"/>
				<MakeCommands>
					<Build command="/usr/bin/make -j8 -f &quot;/home/angel/poo/rpg-example/Makefile&quot;  VERBOSE=1 edit_cache"/>
					<CompileFile command="/usr/bin/make -j8 -f &quot;/home/angel/poo/rpg-example/Makefile&quot;  VERBOSE=1 &quot;$file&quot;"/>
					<Clean command="/usr/bin/make -j8 -f &quot;/home/angel/poo/rpg-example/Makefile&quot;  VERBOSE=1 clean"/>
					<DistClean command="/usr/bin/make -j8 -f &quot;/home/angel/poo/rpg-example/Makefile&quot;  VERBOSE=1 clean"/>
				</MakeCommands>
			</Target>
			<Target title="rebuild_cache">
				<Option working_dir="/home/angel/poo/rpg-example"/>
				<Option type="4"/>
				<MakeCommands>
					<Build command="/usr/bin/make -j8 -f &quot;/home/angel/poo/rpg-example/Makefile&quot;  VERBOSE=1 rebuild_cache"/>
					<CompileFile command="/usr/bin/make -j8 -f &quot;/home/angel/poo/rpg-example/Makefile&quot;  VERBOSE=1 &quot;$file&quot;"/>
					<Clean command="/usr/bin/make -j8 -f &quot;/home/angel/poo/rpg-example/Makefile&quot;  VERBOSE=1 clean"/>
					<DistClean command="/usr/bin/make -j8 -f &quot;/home/angel/poo/rpg-example/Makefile&quot;  VERBOSE=1 clean"/>
				</MakeCommands>
			</Target>
		</Build>
		<Unit filename="/home/angel/poo/rpg-example/Character/Character.cpp">
			<Option target="rpg"/>
		</Unit>
		<Unit filename="/home/angel/poo/rpg-example/Character/Character.h">
			<Option target="rpg"/>
		</Unit>
		<Unit filename="/home/angel/poo/rpg-example/Combat/ActionResult.h">
			<Option target="rpg"/>
		</Unit>
		<Unit filename="/home/angel/poo/rpg-example/Combat/Combat.cpp">
			<Option target="rpg"/>
		</Unit>
		<Unit filename="/home/angel/poo/rpg-example/Combat/Combat.h">
			<Option target="rpg"/>
		</Unit>
		<Unit filename="/home/angel/poo/rpg-example/Enemy/EActionResult.h">
			<Option target="rpg"/>
		</Unit>
		<Unit filename="/home/angel/poo/rpg-example/Enemy/Enemy.cpp">
			<Option target="rpg"/>
		</Unit>
		<Unit filename="/home/angel/poo/rpg-example/Enemy/Enemy.h">
			<Option target="rpg"/>
		</Unit>
		<Unit filename="/home/angel/poo/rpg-example/Player/ActionResult.h">
			<Option target="rpg"/>
		</Unit>
		<Unit filename="/home/angel/poo/rpg-example/Player/Player.cpp">
			<Option target="rpg"/>
		</Unit>
		<Unit filename="/home/angel/poo/rpg-example/Player/Player.h">
			<Option target="rpg"/>
		</Unit>
		<Unit filename="/home/angel/poo/rpg-example/Utils.h">
			<Option target="rpg"/>
		</Unit>
		<Unit filename="/home/angel/poo/rpg-example/main.cpp">
			<Option target="rpg"/>
		</Unit>
		<Unit filename="/home/angel/poo/rpg-example/CMakeLists.txt">
			<Option virtualFolder="CMake Files\"/>
		</Unit>
	</Project>
</CodeBlocks_project_file>
